
Microsoft Visual Studio Solution File, Format Version 12.00
# Visual Studio Version 16
VisualStudioVersion = 16.0.29306.81
MinimumVisualStudioVersion = 10.0.40219.1
Project("{FAE04EC0-301F-11D3-BF4B-00C04F79EFBC}") = "authorizationForm", "authorizationForm\authorizationForm.csproj", "{F6AB8816-2B0B-4C57-B2FF-D17CC4439B64}"
EndProject
Global
	GlobalSection(SolutionConfigurationPlatforms) = preSolution
		Debug|Any CPU = Debug|Any CPU
		Release|Any CPU = Release|Any CPU
	EndGlobalSection
	GlobalSection(ProjectConfigurationPlatforms) = postSolution
		{F6AB8816-2B0B-4C57-B2FF-D17CC4439B64}.Debug|Any CPU.ActiveCfg = Debug|Any CPU
		{F6AB8816-2B0B-4C57-B2FF-D17CC4439B64}.Debug|Any CPU.Build.0 = Debug|Any CPU
		{F6AB8816-2B0B-4C57-B2FF-D17CC4439B64}.Release|Any CPU.ActiveCfg = Release|Any CPU
		{F6AB8816-2B0B-4C57-B2FF-D17CC4439B64}.Release|Any CPU.Build.0 = Release|Any CPU
	EndGlobalSection
	GlobalSection(SolutionProperties) = preSolution
		HideSolutionNode = FALSE
	EndGlobalSection
	GlobalSection(ExtensibilityGlobals) = postSolution
		SolutionGuid = {1F16067E-7F00-4D1A-8A0B-E42C6CFEE0BA}
	EndGlobalSection
EndGlobal
